{
  "name": "caleb",
  "version": "1.0.0",
  "lockfileVersion": 1,
  "requires": true,
  "dependencies": {
    "dialog-polyfill": {
      "version": "0.5.3",
      "resolved": "https://registry.npmjs.org/dialog-polyfill/-/dialog-polyfill-0.5.3.tgz",
      "integrity": "sha512-DVYazl3klQtPjs4dOzDTOt4uQ8cRDfu8EBhoY81ISmH0fbrMvYuaethcQ9UevmF9kAaLnBJ0O5eDUnZ7QalArA=="
    }
  }
}
